Microsoft Visual Studio Solution File, Format Version 12.00
# Visual Studio Version 17
VisualStudioVersion = 17.5.2.0
MinimumVisualStudioVersion = 10.0.40219.1
Project("{FAE04EC0-301F-11D3-BF4B-00C04F79EFBC}") = "TaskManagerApi", "TaskManagerApi.csproj", "{C8965ADB-C1C3-8E84-B5BD-52EFBDCFED3C}"
EndProject
Project("{FAE04EC0-301F-11D3-BF4B-00C04F79EFBC}") = "TaskManagerApi.Tests", "..\TaskManagerApi.Tests\TaskManagerApi.Tests.csproj", "{D3F72DF1-46DC-4E6C-8CFD-F80221C1DFF2}"
EndProject
Global
	GlobalSection(SolutionConfigurationPlatforms) = preSolution
		Debug|Any CPU = Debug|Any CPU
		Release|Any CPU = Release|Any CPU
	EndGlobalSection
	GlobalSection(ProjectConfigurationPlatforms) = postSolution
		{C8965ADB-C1C3-8E84-B5BD-52EFBDCFED3C}.Debug|Any CPU.ActiveCfg = Debug|Any CPU
		{C8965ADB-C1C3-8E84-B5BD-52EFBDCFED3C}.Debug|Any CPU.Build.0 = Debug|Any CPU
		{C8965ADB-C1C3-8E84-B5BD-52EFBDCFED3C}.Release|Any CPU.ActiveCfg = Release|Any CPU
		{C8965ADB-C1C3-8E84-B5BD-52EFBDCFED3C}.Release|Any CPU.Build.0 = Release|Any CPU
		{CD69BBC9-8DB1-4AAE-88B0-D1D9F392E6B3}.Debug|Any CPU.ActiveCfg = Debug|Any CPU
		{CD69BBC9-8DB1-4AAE-88B0-D1D9F392E6B3}.Debug|Any CPU.Build.0 = Debug|Any CPU
		{CD69BBC9-8DB1-4AAE-88B0-D1D9F392E6B3}.Release|Any CPU.ActiveCfg = Release|Any CPU
		{CD69BBC9-8DB1-4AAE-88B0-D1D9F392E6B3}.Release|Any CPU.Build.0 = Release|Any CPU
		{D3F72DF1-46DC-4E6C-8CFD-F80221C1DFF2}.Debug|Any CPU.ActiveCfg = Debug|Any CPU
		{D3F72DF1-46DC-4E6C-8CFD-F80221C1DFF2}.Debug|Any CPU.Build.0 = Debug|Any CPU
		{D3F72DF1-46DC-4E6C-8CFD-F80221C1DFF2}.Release|Any CPU.ActiveCfg = Release|Any CPU
		{D3F72DF1-46DC-4E6C-8CFD-F80221C1DFF2}.Release|Any CPU.Build.0 = Release|Any CPU
	EndGlobalSection
	GlobalSection(SolutionProperties) = preSolution
		HideSolutionNode = FALSE
	EndGlobalSection
	GlobalSection(ExtensibilityGlobals) = postSolution
		SolutionGuid = {9C9D8C72-6D41-48BD-A042-A89639FD0FAF}
	EndGlobalSection
EndGlobal
